// !$*UTF8*$!
{
	archiveVersion = 1;
	classes = {
	};
	objectVersion = 55;
	objects = {

/* Begin PBXBuildFile section */
		A10000022788B823003D8011 /* HTTPClient.swift in Sources */ = {isa = PBXBuildFile; fileRef = A10000012788B823003D8011 /* HTTPClient.swift */; };
		A10000042788B823003D8011 /* FakeHTTPClient.swift in Sources */ = {isa = PBXBuildFile; fileRef = A10000032788B823003D8011 /* FakeHTTPClient.swift */; };
		A10000062788B823003D8011 /* TMDBFixtures.swift in Sources */ = {isa = PBXBuildFile; fileRef = A10000052788B823003D8011 /* TMDBFixtures.swift */; };
		A10000082788B823003D8011 /* FakeHTTPClientTests.swift in Sources */ = {isa = PBXBuildFile; fileRef = A10000072788B823003D8011 /* FakeHTTPClientTests.swift */; };
		A100000A2788B823003D8011 /* MovieTableViewCellTests.swift in Sources */ = {isa = PBXBuildFile; fileRef = A100000B2788B823003D8011 /* MovieTableViewCellTests.swift */; };

		B10000102788B823003D8011 /* AppError.swift in Sources */ = {isa = PBXBuildFile; fileRef = B10000112788B823003D8011 /* AppError.swift */; };
		B10000122788B823003D8011 /* AppLogging.swift in Sources */ = {isa = PBXBuildFile; fileRef = B10000132788B823003D8011 /* AppLogging.swift */; };
		B10000142788B823003D8011 /* LoadState.swift in Sources */ = {isa = PBXBuildFile; fileRef = B10000152788B823003D8011 /* LoadState.swift */; };
		B10000162788B823003D8011 /* Movie.swift in Sources */ = {isa = PBXBuildFile; fileRef = B10000172788B823003D8011 /* Movie.swift */; };
		B10000182788B823003D8011 /* MovieSummaryDTO.swift in Sources */ = {isa = PBXBuildFile; fileRef = B10000192788B823003D8011 /* MovieSummaryDTO.swift */; };
		B100001A2788B823003D8011 /* URLSessionHTTPClient.swift in Sources */ = {isa = PBXBuildFile; fileRef = B100001B2788B823003D8011 /* URLSessionHTTPClient.swift */; };
		B100001C2788B823003D8011 /* TMDBAPIKey.swift in Sources */ = {isa = PBXBuildFile; fileRef = B100001D2788B823003D8011 /* TMDBAPIKey.swift */; };
		B10002302788B823003D8011 /* HTTPTransport.swift in Sources */ = {isa = PBXBuildFile; fileRef = B10002312788B823003D8011 /* HTTPTransport.swift */; };
		B10002322788B823003D8011 /* TMDBRequestBuilder.swift in Sources */ = {isa = PBXBuildFile; fileRef = B10002332788B823003D8011 /* TMDBRequestBuilder.swift */; };
		B10002342788B823003D8011 /* Sleeper.swift in Sources */ = {isa = PBXBuildFile; fileRef = B10002352788B823003D8011 /* Sleeper.swift */; };
		B100001E2788B823003D8011 /* MovieRepository.swift in Sources */ = {isa = PBXBuildFile; fileRef = B100001F2788B823003D8011 /* MovieRepository.swift */; };
		B10000202788B823003D8011 /* ImageLoader.swift in Sources */ = {isa = PBXBuildFile; fileRef = B10000212788B823003D8011 /* ImageLoader.swift */; };
		B10000222788B823003D8011 /* MovieRepositoryTests.swift in Sources */ = {isa = PBXBuildFile; fileRef = B10000232788B823003D8011 /* MovieRepositoryTests.swift */; };
		B10000242788B823003D8011 /* MovieListViewModelTests.swift in Sources */ = {isa = PBXBuildFile; fileRef = B10000252788B823003D8011 /* MovieListViewModelTests.swift */; };
		B10000262788B823003D8011 /* ImageLoaderTests.swift in Sources */ = {isa = PBXBuildFile; fileRef = B10000272788B823003D8011 /* ImageLoaderTests.swift */; };
		B10000282788B823003D8011 /* TestSupport.swift in Sources */ = {isa = PBXBuildFile; fileRef = B10000292788B823003D8011 /* TestSupport.swift */; };
		B10001002788B823003D8011 /* FavoriteRecord.swift in Sources */ = {isa = PBXBuildFile; fileRef = B10001012788B823003D8011 /* FavoriteRecord.swift */; };
		B10001022788B823003D8011 /* MovieGenreCatalog.swift in Sources */ = {isa = PBXBuildFile; fileRef = B10001032788B823003D8011 /* MovieGenreCatalog.swift */; };
		B10001042788B823003D8011 /* FavoritesStore.swift in Sources */ = {isa = PBXBuildFile; fileRef = B10001052788B823003D8011 /* FavoritesStore.swift */; };
		B10001062788B823003D8011 /* FileFavoritesStore.swift in Sources */ = {isa = PBXBuildFile; fileRef = B10001072788B823003D8011 /* FileFavoritesStore.swift */; };
		B10001082788B823003D8011 /* FavoritesRepository.swift in Sources */ = {isa = PBXBuildFile; fileRef = B10001092788B823003D8011 /* FavoritesRepository.swift */; };
		B100010A2788B823003D8011 /* InMemoryFavoritesStore.swift in Sources */ = {isa = PBXBuildFile; fileRef = B100010B2788B823003D8011 /* InMemoryFavoritesStore.swift */; };
		B100010C2788B823003D8011 /* FavoritesRepositoryTests.swift in Sources */ = {isa = PBXBuildFile; fileRef = B100010D2788B823003D8011 /* FavoritesRepositoryTests.swift */; };
		B10001102788B823003D8011 /* FavoritePillButton.swift in Sources */ = {isa = PBXBuildFile; fileRef = B10001112788B823003D8011 /* FavoritePillButton.swift */; };
		B10001122788B823003D8011 /* FavoritePillHostingView.swift in Sources */ = {isa = PBXBuildFile; fileRef = B10001132788B823003D8011 /* FavoritePillHostingView.swift */; };
		B10001502788B823003D8011 /* FavoriteStarButton.swift in Sources */ = {isa = PBXBuildFile; fileRef = B10001512788B823003D8011 /* FavoriteStarButton.swift */; };
		B10001602788B823003D8011 /* PersonFavoriteStar.swift in Sources */ = {isa = PBXBuildFile; fileRef = B10001612788B823003D8011 /* PersonFavoriteStar.swift */; };
		C73510D7278BCE95006AEEF9 /* MovieTableViewCell.swift in Sources */ = {isa = PBXBuildFile; fileRef = C73510D6278BCE95006AEEF9 /* MovieTableViewCell.swift */; };
		C77D45322788B821003D8011 /* AppDelegate.swift in Sources */ = {isa = PBXBuildFile; fileRef = C77D45312788B821003D8011 /* AppDelegate.swift */; };
		C77D45342788B821003D8011 /* SceneDelegate.swift in Sources */ = {isa = PBXBuildFile; fileRef = C77D45332788B821003D8011 /* SceneDelegate.swift */; };
		C77D45362788B821003D8011 /* MovieListViewController.swift in Sources */ = {isa = PBXBuildFile; fileRef = C77D45352788B821003D8011 /* MovieListViewController.swift */; };
		C77D453B2788B822003D8011 /* Assets.xcassets in Resources */ = {isa = PBXBuildFile; fileRef = C77D453A2788B822003D8011 /* Assets.xcassets */; };
		C77D453E2788B822003D8011 /* LaunchScreen.storyboard in Resources */ = {isa = PBXBuildFile; fileRef = C77D453C2788B822003D8011 /* LaunchScreen.storyboard */; };
		C77D45532788B823003D8011 /* URBNFlicksUITests.swift in Sources */ = {isa = PBXBuildFile; fileRef = C77D45522788B823003D8011 /* URBNFlicksUITests.swift */; };
		C77D45552788B823003D8011 /* URBNFlicksUITestsLaunchTests.swift in Sources */ = {isa = PBXBuildFile; fileRef = C77D45542788B823003D8011 /* URBNFlicksUITestsLaunchTests.swift */; };
								C77D456B2788E2DE003D8011 /* MovieListViewModel.swift in Sources */ = {isa = PBXBuildFile; fileRef = C77D456A2788E2DE003D8011 /* MovieListViewModel.swift */; };
		B10001202788B823003D8011 /* Route.swift in Sources */ = {isa = PBXBuildFile; fileRef = B10001212788B823003D8011 /* Route.swift */; };
		B10001222788B823003D8011 /* NavigationRouter.swift in Sources */ = {isa = PBXBuildFile; fileRef = B10001232788B823003D8011 /* NavigationRouter.swift */; };
		B10001242788B823003D8011 /* AppRouter.swift in Sources */ = {isa = PBXBuildFile; fileRef = B10001252788B823003D8011 /* AppRouter.swift */; };
		B10001262788B823003D8011 /* AppDependencies.swift in Sources */ = {isa = PBXBuildFile; fileRef = B10001272788B823003D8011 /* AppDependencies.swift */; };
		B10001282788B823003D8011 /* RootTabView.swift in Sources */ = {isa = PBXBuildFile; fileRef = B10001292788B823003D8011 /* RootTabView.swift */; };
		B100012A2788B823003D8011 /* TopMoviesListRepresentable.swift in Sources */ = {isa = PBXBuildFile; fileRef = B100012B2788B823003D8011 /* TopMoviesListRepresentable.swift */; };
		B100012C2788B823003D8011 /* EmptyStateView.swift in Sources */ = {isa = PBXBuildFile; fileRef = B100012D2788B823003D8011 /* EmptyStateView.swift */; };
		B100012E2788B823003D8011 /* ErrorStateView.swift in Sources */ = {isa = PBXBuildFile; fileRef = B100012F2788B823003D8011 /* ErrorStateView.swift */; };
		B10001302788B823003D8011 /* FavoritesListViewModel.swift in Sources */ = {isa = PBXBuildFile; fileRef = B10001312788B823003D8011 /* FavoritesListViewModel.swift */; };
		B10001322788B823003D8011 /* FavoritesListView.swift in Sources */ = {isa = PBXBuildFile; fileRef = B10001332788B823003D8011 /* FavoritesListView.swift */; };
		B10001342788B823003D8011 /* FavoritesListViewModelTests.swift in Sources */ = {isa = PBXBuildFile; fileRef = B10001352788B823003D8011 /* FavoritesListViewModelTests.swift */; };

		B10002402788B823003D8011 /* MovieImage.swift in Sources */ = {isa = PBXBuildFile; fileRef = B10002412788B823003D8011 /* MovieImage.swift */; };
		B10002422788B823003D8011 /* MovieCredit.swift in Sources */ = {isa = PBXBuildFile; fileRef = B10002432788B823003D8011 /* MovieCredit.swift */; };
		B10002442788B823003D8011 /* MovieCollection.swift in Sources */ = {isa = PBXBuildFile; fileRef = B10002452788B823003D8011 /* MovieCollection.swift */; };
		B10002462788B823003D8011 /* MovieReview.swift in Sources */ = {isa = PBXBuildFile; fileRef = B10002472788B823003D8011 /* MovieReview.swift */; };
		B10002482788B823003D8011 /* DetailCarousel.swift in Sources */ = {isa = PBXBuildFile; fileRef = B10002492788B823003D8011 /* DetailCarousel.swift */; };
		B100024A2788B823003D8011 /* RemoteImageView.swift in Sources */ = {isa = PBXBuildFile; fileRef = B100024B2788B823003D8011 /* RemoteImageView.swift */; };
		B100024C2788B823003D8011 /* ZoomableScrollView.swift in Sources */ = {isa = PBXBuildFile; fileRef = B100024D2788B823003D8011 /* ZoomableScrollView.swift */; };
		B100024E2788B823003D8011 /* FullscreenImageViewer.swift in Sources */ = {isa = PBXBuildFile; fileRef = B100024F2788B823003D8011 /* FullscreenImageViewer.swift */; };
		B10002002788B823003D8011 /* MovieDetail.swift in Sources */ = {isa = PBXBuildFile; fileRef = B10002012788B823003D8011 /* MovieDetail.swift */; };
		B10002022788B823003D8011 /* MovieDetailDTO.swift in Sources */ = {isa = PBXBuildFile; fileRef = B10002032788B823003D8011 /* MovieDetailDTO.swift */; };
		B10002042788B823003D8011 /* DesignTokens.swift in Sources */ = {isa = PBXBuildFile; fileRef = B10002052788B823003D8011 /* DesignTokens.swift */; };
		B10002062788B823003D8011 /* MoviePosterView.swift in Sources */ = {isa = PBXBuildFile; fileRef = B10002072788B823003D8011 /* MoviePosterView.swift */; };
		B10002082788B823003D8011 /* TagChip.swift in Sources */ = {isa = PBXBuildFile; fileRef = B10002092788B823003D8011 /* TagChip.swift */; };
		B100020A2788B823003D8011 /* SurfaceCard.swift in Sources */ = {isa = PBXBuildFile; fileRef = B100020B2788B823003D8011 /* SurfaceCard.swift */; };
		B100020C2788B823003D8011 /* MovieDetailViewModel.swift in Sources */ = {isa = PBXBuildFile; fileRef = B100020D2788B823003D8011 /* MovieDetailViewModel.swift */; };
		B100020E2788B823003D8011 /* MovieDetailView.swift in Sources */ = {isa = PBXBuildFile; fileRef = B100020F2788B823003D8011 /* MovieDetailView.swift */; };
		B10002102788B823003D8011 /* AppRouteDestination.swift in Sources */ = {isa = PBXBuildFile; fileRef = B10002112788B823003D8011 /* AppRouteDestination.swift */; };
		B10002122788B823003D8011 /* MovieDetailViewModelTests.swift in Sources */ = {isa = PBXBuildFile; fileRef = B10002132788B823003D8011 /* MovieDetailViewModelTests.swift */; };
		B10002142788B823003D8011 /* NavigationRouterTests.swift in Sources */ = {isa = PBXBuildFile; fileRef = B10002152788B823003D8011 /* NavigationRouterTests.swift */; };
		B10002182788B823003D8011 /* MovieDetailHostingController.swift in Sources */ = {isa = PBXBuildFile; fileRef = B10002192788B823003D8011 /* MovieDetailHostingController.swift */; };
		B10002202788B823003D8011 /* FlowLayout.swift in Sources */ = {isa = PBXBuildFile; fileRef = B10002212788B823003D8011 /* FlowLayout.swift */; };
/* End PBXBuildFile section */

/* Begin PBXContainerItemProxy section */
		C77D45452788B823003D8011 /* PBXContainerItemProxy */ = {
			isa = PBXContainerItemProxy;
			containerPortal = C77D45262788B821003D8011 /* Project object */;
			proxyType = 1;
			remoteGlobalIDString = C77D452D2788B821003D8011;
			remoteInfo = URBNFlicks;
		};
		C77D454F2788B823003D8011 /* PBXContainerItemProxy */ = {
			isa = PBXContainerItemProxy;
			containerPortal = C77D45262788B821003D8011 /* Project object */;
			proxyType = 1;
			remoteGlobalIDString = C77D452D2788B821003D8011;
			remoteInfo = URBNFlicks;
		};
/* End PBXContainerItemProxy section */

/* Begin PBXFileReference section */
		A10000012788B823003D8011 /* HTTPClient.swift */ = {isa = PBXFileReference; lastKnownFileType = sourcecode.swift; path = HTTPClient.swift; sourceTree = "<group>"; };
		A10000032788B823003D8011 /* FakeHTTPClient.swift */ = {isa = PBXFileReference; lastKnownFileType = sourcecode.swift; path = FakeHTTPClient.swift; sourceTree = "<group>"; };
		A10000052788B823003D8011 /* TMDBFixtures.swift */ = {isa = PBXFileReference; lastKnownFileType = sourcecode.swift; path = TMDBFixtures.swift; sourceTree = "<group>"; };
		A10000072788B823003D8011 /* FakeHTTPClientTests.swift */ = {isa = PBXFileReference; lastKnownFileType = sourcecode.swift; path = FakeHTTPClientTests.swift; sourceTree = "<group>"; };
		A100000B2788B823003D8011 /* MovieTableViewCellTests.swift */ = {isa = PBXFileReference; lastKnownFileType = sourcecode.swift; path = MovieTableViewCellTests.swift; sourceTree = "<group>"; };
		B10000012788B823003D8011 /* Config.xcconfig */ = {isa = PBXFileReference; lastKnownFileType = text.xcconfig; path = Config.xcconfig; sourceTree = "<group>"; };
		B10000022788B823003D8011 /* Secrets.example.xcconfig */ = {isa = PBXFileReference; lastKnownFileType = text.xcconfig; path = Secrets.example.xcconfig; sourceTree = "<group>"; };

		B10000112788B823003D8011 /* AppError.swift */ = {isa = PBXFileReference; lastKnownFileType = sourcecode.swift; path = AppError.swift; sourceTree = "<group>"; };
		B10000132788B823003D8011 /* AppLogging.swift */ = {isa = PBXFileReference; lastKnownFileType = sourcecode.swift; path = AppLogging.swift; sourceTree = "<group>"; };
		B10000152788B823003D8011 /* LoadState.swift */ = {isa = PBXFileReference; lastKnownFileType = sourcecode.swift; path = LoadState.swift; sourceTree = "<group>"; };
		B10000172788B823003D8011 /* Movie.swift */ = {isa = PBXFileReference; lastKnownFileType = sourcecode.swift; path = Movie.swift; sourceTree = "<group>"; };
		B10000192788B823003D8011 /* MovieSummaryDTO.swift */ = {isa = PBXFileReference; lastKnownFileType = sourcecode.swift; path = MovieSummaryDTO.swift; sourceTree = "<group>"; };
		B100001B2788B823003D8011 /* URLSessionHTTPClient.swift */ = {isa = PBXFileReference; lastKnownFileType = sourcecode.swift; path = URLSessionHTTPClient.swift; sourceTree = "<group>"; };
		B100001D2788B823003D8011 /* TMDBAPIKey.swift */ = {isa = PBXFileReference; lastKnownFileType = sourcecode.swift; path = TMDBAPIKey.swift; sourceTree = "<group>"; };
		B10002312788B823003D8011 /* HTTPTransport.swift */ = {isa = PBXFileReference; lastKnownFileType = sourcecode.swift; path = HTTPTransport.swift; sourceTree = "<group>"; };
		B10002332788B823003D8011 /* TMDBRequestBuilder.swift */ = {isa = PBXFileReference; lastKnownFileType = sourcecode.swift; path = TMDBRequestBuilder.swift; sourceTree = "<group>"; };
		B10002352788B823003D8011 /* Sleeper.swift */ = {isa = PBXFileReference; lastKnownFileType = sourcecode.swift; path = Sleeper.swift; sourceTree = "<group>"; };
		B100001F2788B823003D8011 /* MovieRepository.swift */ = {isa = PBXFileReference; lastKnownFileType = sourcecode.swift; path = MovieRepository.swift; sourceTree = "<group>"; };
		B10000212788B823003D8011 /* ImageLoader.swift */ = {isa = PBXFileReference; lastKnownFileType = sourcecode.swift; path = ImageLoader.swift; sourceTree = "<group>"; };
		B10000232788B823003D8011 /* MovieRepositoryTests.swift */ = {isa = PBXFileReference; lastKnownFileType = sourcecode.swift; path = MovieRepositoryTests.swift; sourceTree = "<group>"; };
		B10000252788B823003D8011 /* MovieListViewModelTests.swift */ = {isa = PBXFileReference; lastKnownFileType = sourcecode.swift; path = MovieListViewModelTests.swift; sourceTree = "<group>"; };
		B10000272788B823003D8011 /* ImageLoaderTests.swift */ = {isa = PBXFileReference; lastKnownFileType = sourcecode.swift; path = ImageLoaderTests.swift; sourceTree = "<group>"; };
		B10000292788B823003D8011 /* TestSupport.swift */ = {isa = PBXFileReference; lastKnownFileType = sourcecode.swift; path = TestSupport.swift; sourceTree = "<group>"; };
		B10001012788B823003D8011 /* FavoriteRecord.swift */ = {isa = PBXFileReference; lastKnownFileType = sourcecode.swift; path = FavoriteRecord.swift; sourceTree = "<group>"; };
		B10001032788B823003D8011 /* MovieGenreCatalog.swift */ = {isa = PBXFileReference; lastKnownFileType = sourcecode.swift; path = MovieGenreCatalog.swift; sourceTree = "<group>"; };
		B10001052788B823003D8011 /* FavoritesStore.swift */ = {isa = PBXFileReference; lastKnownFileType = sourcecode.swift; path = FavoritesStore.swift; sourceTree = "<group>"; };
		B10001072788B823003D8011 /* FileFavoritesStore.swift */ = {isa = PBXFileReference; lastKnownFileType = sourcecode.swift; path = FileFavoritesStore.swift; sourceTree = "<group>"; };
		B10001092788B823003D8011 /* FavoritesRepository.swift */ = {isa = PBXFileReference; lastKnownFileType = sourcecode.swift; path = FavoritesRepository.swift; sourceTree = "<group>"; };
		B100010B2788B823003D8011 /* InMemoryFavoritesStore.swift */ = {isa = PBXFileReference; lastKnownFileType = sourcecode.swift; path = InMemoryFavoritesStore.swift; sourceTree = "<group>"; };
		B100010D2788B823003D8011 /* FavoritesRepositoryTests.swift */ = {isa = PBXFileReference; lastKnownFileType = sourcecode.swift; path = FavoritesRepositoryTests.swift; sourceTree = "<group>"; };
		B10001112788B823003D8011 /* FavoritePillButton.swift */ = {isa = PBXFileReference; lastKnownFileType = sourcecode.swift; path = FavoritePillButton.swift; sourceTree = "<group>"; };
		B10001132788B823003D8011 /* FavoritePillHostingView.swift */ = {isa = PBXFileReference; lastKnownFileType = sourcecode.swift; path = FavoritePillHostingView.swift; sourceTree = "<group>"; };
		B10001512788B823003D8011 /* FavoriteStarButton.swift */ = {isa = PBXFileReference; lastKnownFileType = sourcecode.swift; path = FavoriteStarButton.swift; sourceTree = "<group>"; };
		B10001612788B823003D8011 /* PersonFavoriteStar.swift */ = {isa = PBXFileReference; lastKnownFileType = sourcecode.swift; path = PersonFavoriteStar.swift; sourceTree = "<group>"; };
		C73510D6278BCE95006AEEF9 /* MovieTableViewCell.swift */ = {isa = PBXFileReference; lastKnownFileType = sourcecode.swift; path = MovieTableViewCell.swift; sourceTree = "<group>"; };
		C77D452E2788B821003D8011 /* URBNFlicks.app */ = {isa = PBXFileReference; explicitFileType = wrapper.application; includeInIndex = 0; path = URBNFlicks.app; sourceTree = BUILT_PRODUCTS_DIR; };
		C77D45312788B821003D8011 /* AppDelegate.swift */ = {isa = PBXFileReference; lastKnownFileType = sourcecode.swift; path = AppDelegate.swift; sourceTree = "<group>"; };
		C77D45332788B821003D8011 /* SceneDelegate.swift */ = {isa = PBXFileReference; lastKnownFileType = sourcecode.swift; path = SceneDelegate.swift; sourceTree = "<group>"; };
		C77D45352788B821003D8011 /* MovieListViewController.swift */ = {isa = PBXFileReference; lastKnownFileType = sourcecode.swift; path = MovieListViewController.swift; sourceTree = "<group>"; };
		C77D453A2788B822003D8011 /* Assets.xcassets */ = {isa = PBXFileReference; lastKnownFileType = folder.assetcatalog; path = Assets.xcassets; sourceTree = "<group>"; };
		C77D453D2788B822003D8011 /* Base */ = {isa = PBXFileReference; lastKnownFileType = file.storyboard; name = Base; path = Base.lproj/LaunchScreen.storyboard; sourceTree = "<group>"; };
		C77D453F2788B822003D8011 /* Info.plist */ = {isa = PBXFileReference; lastKnownFileType = text.plist.xml; path = Info.plist; sourceTree = "<group>"; };
		C77D45442788B823003D8011 /* URBNFlicksTests.xctest */ = {isa = PBXFileReference; explicitFileType = wrapper.cfbundle; includeInIndex = 0; path = URBNFlicksTests.xctest; sourceTree = BUILT_PRODUCTS_DIR; };
		C77D454E2788B823003D8011 /* URBNFlicksUITests.xctest */ = {isa = PBXFileReference; explicitFileType = wrapper.cfbundle; includeInIndex = 0; path = URBNFlicksUITests.xctest; sourceTree = BUILT_PRODUCTS_DIR; };
		C77D45522788B823003D8011 /* URBNFlicksUITests.swift */ = {isa = PBXFileReference; lastKnownFileType = sourcecode.swift; path = URBNFlicksUITests.swift; sourceTree = "<group>"; };
		C77D45542788B823003D8011 /* URBNFlicksUITestsLaunchTests.swift */ = {isa = PBXFileReference; lastKnownFileType = sourcecode.swift; path = URBNFlicksUITestsLaunchTests.swift; sourceTree = "<group>"; };
		C77D456A2788E2DE003D8011 /* MovieListViewModel.swift */ = {isa = PBXFileReference; lastKnownFileType = sourcecode.swift; path = MovieListViewModel.swift; sourceTree = "<group>"; };
		B10001212788B823003D8011 /* Route.swift */ = {isa = PBXFileReference; lastKnownFileType = sourcecode.swift; path = Route.swift; sourceTree = "<group>"; };
		B10001232788B823003D8011 /* NavigationRouter.swift */ = {isa = PBXFileReference; lastKnownFileType = sourcecode.swift; path = NavigationRouter.swift; sourceTree = "<group>"; };
		B10001252788B823003D8011 /* AppRouter.swift */ = {isa = PBXFileReference; lastKnownFileType = sourcecode.swift; path = AppRouter.swift; sourceTree = "<group>"; };
		B10001272788B823003D8011 /* AppDependencies.swift */ = {isa = PBXFileReference; lastKnownFileType = sourcecode.swift; path = AppDependencies.swift; sourceTree = "<group>"; };
		B10001292788B823003D8011 /* RootTabView.swift */ = {isa = PBXFileReference; lastKnownFileType = sourcecode.swift; path = RootTabView.swift; sourceTree = "<group>"; };
		B100012B2788B823003D8011 /* TopMoviesListRepresentable.swift */ = {isa = PBXFileReference; lastKnownFileType = sourcecode.swift; path = TopMoviesListRepresentable.swift; sourceTree = "<group>"; };
		B100012D2788B823003D8011 /* EmptyStateView.swift */ = {isa = PBXFileReference; lastKnownFileType = sourcecode.swift; path = EmptyStateView.swift; sourceTree = "<group>"; };
		B100012F2788B823003D8011 /* ErrorStateView.swift */ = {isa = PBXFileReference; lastKnownFileType = sourcecode.swift; path = ErrorStateView.swift; sourceTree = "<group>"; };
		B10001312788B823003D8011 /* FavoritesListViewModel.swift */ = {isa = PBXFileReference; lastKnownFileType = sourcecode.swift; path = FavoritesListViewModel.swift; sourceTree = "<group>"; };
		B10001332788B823003D8011 /* FavoritesListView.swift */ = {isa = PBXFileReference; lastKnownFileType = sourcecode.swift; path = FavoritesListView.swift; sourceTree = "<group>"; };
		B10001352788B823003D8011 /* FavoritesListViewModelTests.swift */ = {isa = PBXFileReference; lastKnownFileType = sourcecode.swift; path = FavoritesListViewModelTests.swift; sourceTree = "<group>"; };

		B10002412788B823003D8011 /* MovieImage.swift */ = {isa = PBXFileReference; lastKnownFileType = sourcecode.swift; path = MovieImage.swift; sourceTree = "<group>"; };
		B10002432788B823003D8011 /* MovieCredit.swift */ = {isa = PBXFileReference; lastKnownFileType = sourcecode.swift; path = MovieCredit.swift; sourceTree = "<group>"; };
		B10002452788B823003D8011 /* MovieCollection.swift */ = {isa = PBXFileReference; lastKnownFileType = sourcecode.swift; path = MovieCollection.swift; sourceTree = "<group>"; };
		B10002472788B823003D8011 /* MovieReview.swift */ = {isa = PBXFileReference; lastKnownFileType = sourcecode.swift; path = MovieReview.swift; sourceTree = "<group>"; };
		B10002492788B823003D8011 /* DetailCarousel.swift */ = {isa = PBXFileReference; lastKnownFileType = sourcecode.swift; path = DetailCarousel.swift; sourceTree = "<group>"; };
		B100024B2788B823003D8011 /* RemoteImageView.swift */ = {isa = PBXFileReference; lastKnownFileType = sourcecode.swift; path = RemoteImageView.swift; sourceTree = "<group>"; };
		B100024D2788B823003D8011 /* ZoomableScrollView.swift */ = {isa = PBXFileReference; lastKnownFileType = sourcecode.swift; path = ZoomableScrollView.swift; sourceTree = "<group>"; };
		B100024F2788B823003D8011 /* FullscreenImageViewer.swift */ = {isa = PBXFileReference; lastKnownFileType = sourcecode.swift; path = FullscreenImageViewer.swift; sourceTree = "<group>"; };
		B10002012788B823003D8011 /* MovieDetail.swift */ = {isa = PBXFileReference; lastKnownFileType = sourcecode.swift; path = MovieDetail.swift; sourceTree = "<group>"; };
		B10002032788B823003D8011 /* MovieDetailDTO.swift */ = {isa = PBXFileReference; lastKnownFileType = sourcecode.swift; path = MovieDetailDTO.swift; sourceTree = "<group>"; };
		B10002052788B823003D8011 /* DesignTokens.swift */ = {isa = PBXFileReference; lastKnownFileType = sourcecode.swift; path = DesignTokens.swift; sourceTree = "<group>"; };
		B10002072788B823003D8011 /* MoviePosterView.swift */ = {isa = PBXFileReference; lastKnownFileType = sourcecode.swift; path = MoviePosterView.swift; sourceTree = "<group>"; };
		B10002092788B823003D8011 /* TagChip.swift */ = {isa = PBXFileReference; lastKnownFileType = sourcecode.swift; path = TagChip.swift; sourceTree = "<group>"; };
		B100020B2788B823003D8011 /* SurfaceCard.swift */ = {isa = PBXFileReference; lastKnownFileType = sourcecode.swift; path = SurfaceCard.swift; sourceTree = "<group>"; };
		B100020D2788B823003D8011 /* MovieDetailViewModel.swift */ = {isa = PBXFileReference; lastKnownFileType = sourcecode.swift; path = MovieDetailViewModel.swift; sourceTree = "<group>"; };
		B100020F2788B823003D8011 /* MovieDetailView.swift */ = {isa = PBXFileReference; lastKnownFileType = sourcecode.swift; path = MovieDetailView.swift; sourceTree = "<group>"; };
		B10002112788B823003D8011 /* AppRouteDestination.swift */ = {isa = PBXFileReference; lastKnownFileType = sourcecode.swift; path = AppRouteDestination.swift; sourceTree = "<group>"; };
		B10002132788B823003D8011 /* MovieDetailViewModelTests.swift */ = {isa = PBXFileReference; lastKnownFileType = sourcecode.swift; path = MovieDetailViewModelTests.swift; sourceTree = "<group>"; };
		B10002152788B823003D8011 /* NavigationRouterTests.swift */ = {isa = PBXFileReference; lastKnownFileType = sourcecode.swift; path = NavigationRouterTests.swift; sourceTree = "<group>"; };
		B10002192788B823003D8011 /* MovieDetailHostingController.swift */ = {isa = PBXFileReference; lastKnownFileType = sourcecode.swift; path = MovieDetailHostingController.swift; sourceTree = "<group>"; };
		B10002212788B823003D8011 /* FlowLayout.swift */ = {isa = PBXFileReference; lastKnownFileType = sourcecode.swift; path = FlowLayout.swift; sourceTree = "<group>"; };
/* End PBXFileReference section */

/* Begin PBXFrameworksBuildPhase section */
		C77D452B2788B821003D8011 /* Frameworks */ = {
			isa = PBXFrameworksBuildPhase;
			buildActionMask = 2147483647;
			files = (
			);
			runOnlyForDeploymentPostprocessing = 0;
		};
		C77D45412788B823003D8011 /* Frameworks */ = {
			isa = PBXFrameworksBuildPhase;
			buildActionMask = 2147483647;
			files = (
			);
			runOnlyForDeploymentPostprocessing = 0;
		};
		C77D454B2788B823003D8011 /* Frameworks */ = {
			isa = PBXFrameworksBuildPhase;
			buildActionMask = 2147483647;
			files = (
			);
			runOnlyForDeploymentPostprocessing = 0;
		};
/* End PBXFrameworksBuildPhase section */

/* Begin PBXGroup section */
		C73510D5278B712D006AEEF9 /* Views */ = {
			isa = PBXGroup;
			children = (
				C77D45352788B821003D8011 /* MovieListViewController.swift */,
				C73510D6278BCE95006AEEF9 /* MovieTableViewCell.swift */,
			);
			path = Views;
			sourceTree = "<group>";
		};
		C77D45252788B821003D8011 = {
			isa = PBXGroup;
			children = (
				B10000012788B823003D8011 /* Config.xcconfig */,
				B10000022788B823003D8011 /* Secrets.example.xcconfig */,
				C77D45302788B821003D8011 /* URBNFlicks */,
				C77D45472788B823003D8011 /* URBNFlicksTests */,
				C77D45512788B823003D8011 /* URBNFlicksUITests */,
				C77D452F2788B821003D8011 /* Products */,
			);
			sourceTree = "<group>";
		};
		C77D452F2788B821003D8011 /* Products */ = {
			isa = PBXGroup;
			children = (
				C77D452E2788B821003D8011 /* URBNFlicks.app */,
				C77D45442788B823003D8011 /* URBNFlicksTests.xctest */,
				C77D454E2788B823003D8011 /* URBNFlicksUITests.xctest */,
			);
			name = Products;
			sourceTree = "<group>";
		};
		C77D45302788B821003D8011 /* URBNFlicks */ = {
			isa = PBXGroup;
			children = (
				C73510D5278B712D006AEEF9 /* Views */,
				C77D45632788C969003D8011 /* Models */,
				C77D45622788C95A003D8011 /* Networking */,
				B10000302788B823003D8011 /* Repositories */,
				B100010E2788B823003D8011 /* Persistence */,
				B10000312788B823003D8011 /* Errors */,
				B10000322788B823003D8011 /* Logging */,
				B10000332788B823003D8011 /* State */,
				B10000342788B823003D8011 /* ImageLoading */,
				B10001142788B823003D8011 /* Features */,
				B10001402788B823003D8011 /* Navigation */,
				B10001412788B823003D8011 /* App */,
				C77D45612788C93A003D8011 /* View Models */,
				C77D45312788B821003D8011 /* AppDelegate.swift */,
				C77D45332788B821003D8011 /* SceneDelegate.swift */,
				C77D453A2788B822003D8011 /* Assets.xcassets */,
				C77D453C2788B822003D8011 /* LaunchScreen.storyboard */,
				C77D453F2788B822003D8011 /* Info.plist */,
			);
			path = URBNFlicks;
			sourceTree = "<group>";
		};
		C77D45472788B823003D8011 /* URBNFlicksTests */ = {
			isa = PBXGroup;
			children = (
				A10000092788B823003D8011 /* Support */,
				A10000072788B823003D8011 /* FakeHTTPClientTests.swift */,
				A100000B2788B823003D8011 /* MovieTableViewCellTests.swift */,
				B10000232788B823003D8011 /* MovieRepositoryTests.swift */,
				B10000252788B823003D8011 /* MovieListViewModelTests.swift */,
				B10000272788B823003D8011 /* ImageLoaderTests.swift */,
				B100010D2788B823003D8011 /* FavoritesRepositoryTests.swift */,
				B10001352788B823003D8011 /* FavoritesListViewModelTests.swift */,
				B10002132788B823003D8011 /* MovieDetailViewModelTests.swift */,
				B10002152788B823003D8011 /* NavigationRouterTests.swift */,
			);
			path = URBNFlicksTests;
			sourceTree = "<group>";
		};
		C77D45512788B823003D8011 /* URBNFlicksUITests */ = {
			isa = PBXGroup;
			children = (
				C77D45522788B823003D8011 /* URBNFlicksUITests.swift */,
				C77D45542788B823003D8011 /* URBNFlicksUITestsLaunchTests.swift */,
			);
			path = URBNFlicksUITests;
			sourceTree = "<group>";
		};
		C77D45612788C93A003D8011 /* View Models */ = {
			isa = PBXGroup;
			children = (
				C77D456A2788E2DE003D8011 /* MovieListViewModel.swift */,
			);
			path = "View Models";
			sourceTree = "<group>";
		};
		C77D45622788C95A003D8011 /* Networking */ = {
			isa = PBXGroup;
			children = (
				A10000012788B823003D8011 /* HTTPClient.swift */,
				B100001B2788B823003D8011 /* URLSessionHTTPClient.swift */,
				B10002312788B823003D8011 /* HTTPTransport.swift */,
				B10002332788B823003D8011 /* TMDBRequestBuilder.swift */,
				B10002352788B823003D8011 /* Sleeper.swift */,
				B100001D2788B823003D8011 /* TMDBAPIKey.swift */,
			);
			path = Networking;
			sourceTree = "<group>";
		};
		C77D45632788C969003D8011 /* Models */ = {
			isa = PBXGroup;
			children = (
				B10000172788B823003D8011 /* Movie.swift */,
				B10000192788B823003D8011 /* MovieSummaryDTO.swift */,
				B10002412788B823003D8011 /* MovieImage.swift */,
				B10002432788B823003D8011 /* MovieCredit.swift */,
				B10002452788B823003D8011 /* MovieCollection.swift */,
				B10002472788B823003D8011 /* MovieReview.swift */,
				B10002012788B823003D8011 /* MovieDetail.swift */,
				B10002032788B823003D8011 /* MovieDetailDTO.swift */,
				B10001012788B823003D8011 /* FavoriteRecord.swift */,
				B10001032788B823003D8011 /* MovieGenreCatalog.swift */,
			);
			path = Models;
			sourceTree = "<group>";
		};
		A10000092788B823003D8011 /* Support */ = {
			isa = PBXGroup;
			children = (
				A10000032788B823003D8011 /* FakeHTTPClient.swift */,
				A10000052788B823003D8011 /* TMDBFixtures.swift */,
				B10000292788B823003D8011 /* TestSupport.swift */,
				B100010B2788B823003D8011 /* InMemoryFavoritesStore.swift */,
			);
			path = Support;
			sourceTree = "<group>";
		};

		B10000302788B823003D8011 /* Repositories */ = {
			isa = PBXGroup;
			children = (
				B100001F2788B823003D8011 /* MovieRepository.swift */,
				B10001092788B823003D8011 /* FavoritesRepository.swift */,
			);
			path = Repositories;
			sourceTree = "<group>";
		};
		B100010E2788B823003D8011 /* Persistence */ = {
			isa = PBXGroup;
			children = (
				B10001052788B823003D8011 /* FavoritesStore.swift */,
				B10001072788B823003D8011 /* FileFavoritesStore.swift */,
			);
			path = Persistence;
			sourceTree = "<group>";
		};
		B10001142788B823003D8011 /* Features */ = {
			isa = PBXGroup;
			children = (
				B10001152788B823003D8011 /* Shared */,
				B10001422788B823003D8011 /* TopMovies */,
				B10001432788B823003D8011 /* Favorites */,
				B10002162788B823003D8011 /* MovieDetail */,
			);
			path = Features;
			sourceTree = "<group>";
		};
		B10001152788B823003D8011 /* Shared */ = {
			isa = PBXGroup;
			children = (
				B10002172788B823003D8011 /* DesignSystem */,
				B10001112788B823003D8011 /* FavoritePillButton.swift */,
				B10001132788B823003D8011 /* FavoritePillHostingView.swift */,
				B10001512788B823003D8011 /* FavoriteStarButton.swift */,
				B10001612788B823003D8011 /* PersonFavoriteStar.swift */,
				B100012D2788B823003D8011 /* EmptyStateView.swift */,
				B100012F2788B823003D8011 /* ErrorStateView.swift */,
			);
			path = Shared;
			sourceTree = "<group>";
		};
		B10000312788B823003D8011 /* Errors */ = {
			isa = PBXGroup;
			children = (
				B10000112788B823003D8011 /* AppError.swift */,
			);
			path = Errors;
			sourceTree = "<group>";
		};
		B10000322788B823003D8011 /* Logging */ = {
			isa = PBXGroup;
			children = (
				B10000132788B823003D8011 /* AppLogging.swift */,
			);
			path = Logging;
			sourceTree = "<group>";
		};
		B10000332788B823003D8011 /* State */ = {
			isa = PBXGroup;
			children = (
				B10000152788B823003D8011 /* LoadState.swift */,
			);
			path = State;
			sourceTree = "<group>";
		};
		B10000342788B823003D8011 /* ImageLoading */ = {
			isa = PBXGroup;
			children = (
				B10000212788B823003D8011 /* ImageLoader.swift */,
			);
			path = ImageLoading;
			sourceTree = "<group>";
		};
		B10001402788B823003D8011 /* Navigation */ = {
			isa = PBXGroup;
			children = (
				B10001212788B823003D8011 /* Route.swift */,
				B10001232788B823003D8011 /* NavigationRouter.swift */,
				B10001252788B823003D8011 /* AppRouter.swift */,
			);
			path = Navigation;
			sourceTree = "<group>";
		};
		B10001412788B823003D8011 /* App */ = {
			isa = PBXGroup;
			children = (
				B10001272788B823003D8011 /* AppDependencies.swift */,
				B10001292788B823003D8011 /* RootTabView.swift */,
				B10002112788B823003D8011 /* AppRouteDestination.swift */,
			);
			path = App;
			sourceTree = "<group>";
		};
		B10001422788B823003D8011 /* TopMovies */ = {
			isa = PBXGroup;
			children = (
				B100012B2788B823003D8011 /* TopMoviesListRepresentable.swift */,
			);
			path = TopMovies;
			sourceTree = "<group>";
		};
		B10001432788B823003D8011 /* Favorites */ = {
			isa = PBXGroup;
			children = (
				B10001312788B823003D8011 /* FavoritesListViewModel.swift */,
				B10001332788B823003D8011 /* FavoritesListView.swift */,
			);
			path = Favorites;
			sourceTree = "<group>";
		};

		B10002162788B823003D8011 /* MovieDetail */ = {
			isa = PBXGroup;
			children = (
				B100024D2788B823003D8011 /* ZoomableScrollView.swift */,
				B100024F2788B823003D8011 /* FullscreenImageViewer.swift */,
				B100020D2788B823003D8011 /* MovieDetailViewModel.swift */,
				B100020F2788B823003D8011 /* MovieDetailView.swift */,
				B10002192788B823003D8011 /* MovieDetailHostingController.swift */,
			);
			path = MovieDetail;
			sourceTree = "<group>";
		};
		B10002172788B823003D8011 /* DesignSystem */ = {
			isa = PBXGroup;
			children = (
				B10002492788B823003D8011 /* DetailCarousel.swift */,
				B100024B2788B823003D8011 /* RemoteImageView.swift */,
				B10002052788B823003D8011 /* DesignTokens.swift */,
				B10002072788B823003D8011 /* MoviePosterView.swift */,
				B10002092788B823003D8011 /* TagChip.swift */,
				B100020B2788B823003D8011 /* SurfaceCard.swift */,
				B10002212788B823003D8011 /* FlowLayout.swift */,
			);
			path = DesignSystem;
			sourceTree = "<group>";
		};
/* End PBXGroup section */

/* Begin PBXNativeTarget section */
		C77D452D2788B821003D8011 /* URBNFlicks */ = {
			isa = PBXNativeTarget;
			buildConfigurationList = C77D45582788B823003D8011 /* Build configuration list for PBXNativeTarget "URBNFlicks" */;
			buildPhases = (
				C77D452A2788B821003D8011 /* Sources */,
				C77D452B2788B821003D8011 /* Frameworks */,
				C77D452C2788B821003D8011 /* Resources */,
			);
			buildRules = (
			);
			dependencies = (
			);
			name = URBNFlicks;
			productName = URBNFlicks;
			productReference = C77D452E2788B821003D8011 /* URBNFlicks.app */;
			productType = "com.apple.product-type.application";
		};
		C77D45432788B823003D8011 /* URBNFlicksTests */ = {
			isa = PBXNativeTarget;
			buildConfigurationList = C77D455B2788B823003D8011 /* Build configuration list for PBXNativeTarget "URBNFlicksTests" */;
			buildPhases = (
				C77D45402788B823003D8011 /* Sources */,
				C77D45412788B823003D8011 /* Frameworks */,
				C77D45422788B823003D8011 /* Resources */,
			);
			buildRules = (
			);
			dependencies = (
				C77D45462788B823003D8011 /* PBXTargetDependency */,
			);
			name = URBNFlicksTests;
			productName = URBNFlicksTests;
			productReference = C77D45442788B823003D8011 /* URBNFlicksTests.xctest */;
			productType = "com.apple.product-type.bundle.unit-test";
		};
		C77D454D2788B823003D8011 /* URBNFlicksUITests */ = {
			isa = PBXNativeTarget;
			buildConfigurationList = C77D455E2788B823003D8011 /* Build configuration list for PBXNativeTarget "URBNFlicksUITests" */;
			buildPhases = (
				C77D454A2788B823003D8011 /* Sources */,
				C77D454B2788B823003D8011 /* Frameworks */,
				C77D454C2788B823003D8011 /* Resources */,
			);
			buildRules = (
			);
			dependencies = (
				C77D45502788B823003D8011 /* PBXTargetDependency */,
			);
			name = URBNFlicksUITests;
			productName = URBNFlicksUITests;
			productReference = C77D454E2788B823003D8011 /* URBNFlicksUITests.xctest */;
			productType = "com.apple.product-type.bundle.ui-testing";
		};
/* End PBXNativeTarget section */

/* Begin PBXProject section */
		C77D45262788B821003D8011 /* Project object */ = {
			isa = PBXProject;
			attributes = {
				BuildIndependentTargetsInParallel = 1;
				LastSwiftUpdateCheck = 1320;
				LastUpgradeCheck = 1320;
				TargetAttributes = {
					C77D452D2788B821003D8011 = {
						CreatedOnToolsVersion = 13.2;
					};
					C77D45432788B823003D8011 = {
						CreatedOnToolsVersion = 13.2;
						TestTargetID = C77D452D2788B821003D8011;
					};
					C77D454D2788B823003D8011 = {
						CreatedOnToolsVersion = 13.2;
						TestTargetID = C77D452D2788B821003D8011;
					};
				};
			};
			buildConfigurationList = C77D45292788B821003D8011 /* Build configuration list for PBXProject "URBNFlicks" */;
			compatibilityVersion = "Xcode 13.0";
			developmentRegion = en;
			hasScannedForEncodings = 0;
			knownRegions = (
				en,
				Base,
			);
			mainGroup = C77D45252788B821003D8011;
			productRefGroup = C77D452F2788B821003D8011 /* Products */;
			projectDirPath = "";
			projectRoot = "";
			targets = (
				C77D452D2788B821003D8011 /* URBNFlicks */,
				C77D45432788B823003D8011 /* URBNFlicksTests */,
				C77D454D2788B823003D8011 /* URBNFlicksUITests */,
			);
		};
/* End PBXProject section */

/* Begin PBXResourcesBuildPhase section */
		C77D452C2788B821003D8011 /* Resources */ = {
			isa = PBXResourcesBuildPhase;
			buildActionMask = 2147483647;
			files = (
				C77D453E2788B822003D8011 /* LaunchScreen.storyboard in Resources */,
				C77D453B2788B822003D8011 /* Assets.xcassets in Resources */,
			);
			runOnlyForDeploymentPostprocessing = 0;
		};
		C77D45422788B823003D8011 /* Resources */ = {
			isa = PBXResourcesBuildPhase;
			buildActionMask = 2147483647;
			files = (
			);
			runOnlyForDeploymentPostprocessing = 0;
		};
		C77D454C2788B823003D8011 /* Resources */ = {
			isa = PBXResourcesBuildPhase;
			buildActionMask = 2147483647;
			files = (
			);
			runOnlyForDeploymentPostprocessing = 0;
		};
/* End PBXResourcesBuildPhase section */

/* Begin PBXSourcesBuildPhase section */
		C77D452A2788B821003D8011 /* Sources */ = {
			isa = PBXSourcesBuildPhase;
			buildActionMask = 2147483647;
			files = (
				A10000022788B823003D8011 /* HTTPClient.swift in Sources */,
				B100001A2788B823003D8011 /* URLSessionHTTPClient.swift in Sources */,
				B10002302788B823003D8011 /* HTTPTransport.swift in Sources */,
				B10002322788B823003D8011 /* TMDBRequestBuilder.swift in Sources */,
				B10002342788B823003D8011 /* Sleeper.swift in Sources */,
				B100001C2788B823003D8011 /* TMDBAPIKey.swift in Sources */,
				B100001E2788B823003D8011 /* MovieRepository.swift in Sources */,
				B10001082788B823003D8011 /* FavoritesRepository.swift in Sources */,
				B10001042788B823003D8011 /* FavoritesStore.swift in Sources */,
				B10001062788B823003D8011 /* FileFavoritesStore.swift in Sources */,
				B10000102788B823003D8011 /* AppError.swift in Sources */,
				B10000122788B823003D8011 /* AppLogging.swift in Sources */,
				B10000142788B823003D8011 /* LoadState.swift in Sources */,
				B10000162788B823003D8011 /* Movie.swift in Sources */,
				B10000182788B823003D8011 /* MovieSummaryDTO.swift in Sources */,
				B10001002788B823003D8011 /* FavoriteRecord.swift in Sources */,
				B10001022788B823003D8011 /* MovieGenreCatalog.swift in Sources */,
				B10001102788B823003D8011 /* FavoritePillButton.swift in Sources */,
				B10001122788B823003D8011 /* FavoritePillHostingView.swift in Sources */,
				B10001502788B823003D8011 /* FavoriteStarButton.swift in Sources */,
				B10001602788B823003D8011 /* PersonFavoriteStar.swift in Sources */,
				B10001322788B823003D8011 /* FavoritesListView.swift in Sources */,
				B10001302788B823003D8011 /* FavoritesListViewModel.swift in Sources */,
				B100012E2788B823003D8011 /* ErrorStateView.swift in Sources */,
				B100012C2788B823003D8011 /* EmptyStateView.swift in Sources */,
				B100012A2788B823003D8011 /* TopMoviesListRepresentable.swift in Sources */,
				B10001282788B823003D8011 /* RootTabView.swift in Sources */,
				B10001262788B823003D8011 /* AppDependencies.swift in Sources */,
				B10001242788B823003D8011 /* AppRouter.swift in Sources */,
				B10001222788B823003D8011 /* NavigationRouter.swift in Sources */,
				B10001202788B823003D8011 /* Route.swift in Sources */,
				B10002402788B823003D8011 /* MovieImage.swift in Sources */,
				B10002422788B823003D8011 /* MovieCredit.swift in Sources */,
				B10002442788B823003D8011 /* MovieCollection.swift in Sources */,
				B10002462788B823003D8011 /* MovieReview.swift in Sources */,
				B10002482788B823003D8011 /* DetailCarousel.swift in Sources */,
				B100024A2788B823003D8011 /* RemoteImageView.swift in Sources */,
				B100024C2788B823003D8011 /* ZoomableScrollView.swift in Sources */,
				B100024E2788B823003D8011 /* FullscreenImageViewer.swift in Sources */,
				B10002002788B823003D8011 /* MovieDetail.swift in Sources */,
				B10002022788B823003D8011 /* MovieDetailDTO.swift in Sources */,
				B10002042788B823003D8011 /* DesignTokens.swift in Sources */,
				B10002062788B823003D8011 /* MoviePosterView.swift in Sources */,
				B10002082788B823003D8011 /* TagChip.swift in Sources */,
				B100020A2788B823003D8011 /* SurfaceCard.swift in Sources */,
				B10002202788B823003D8011 /* FlowLayout.swift in Sources */,
				B100020C2788B823003D8011 /* MovieDetailViewModel.swift in Sources */,
				B100020E2788B823003D8011 /* MovieDetailView.swift in Sources */,
				B10002102788B823003D8011 /* AppRouteDestination.swift in Sources */,
				B10002182788B823003D8011 /* MovieDetailHostingController.swift in Sources */,
				B10000202788B823003D8011 /* ImageLoader.swift in Sources */,
				C77D45362788B821003D8011 /* MovieListViewController.swift in Sources */,
				C77D45322788B821003D8011 /* AppDelegate.swift in Sources */,
				C77D456B2788E2DE003D8011 /* MovieListViewModel.swift in Sources */,
				C77D45342788B821003D8011 /* SceneDelegate.swift in Sources */,
				C73510D7278BCE95006AEEF9 /* MovieTableViewCell.swift in Sources */,
			);
			runOnlyForDeploymentPostprocessing = 0;
		};
		C77D45402788B823003D8011 /* Sources */ = {
			isa = PBXSourcesBuildPhase;
			buildActionMask = 2147483647;
			files = (
				A10000042788B823003D8011 /* FakeHTTPClient.swift in Sources */,
				A10000062788B823003D8011 /* TMDBFixtures.swift in Sources */,
				A10000082788B823003D8011 /* FakeHTTPClientTests.swift in Sources */,
				A100000A2788B823003D8011 /* MovieTableViewCellTests.swift in Sources */,
				B10000222788B823003D8011 /* MovieRepositoryTests.swift in Sources */,
				B10000242788B823003D8011 /* MovieListViewModelTests.swift in Sources */,
				B10000262788B823003D8011 /* ImageLoaderTests.swift in Sources */,
				B10000282788B823003D8011 /* TestSupport.swift in Sources */,
				B100010A2788B823003D8011 /* InMemoryFavoritesStore.swift in Sources */,
				B100010C2788B823003D8011 /* FavoritesRepositoryTests.swift in Sources */,
				B10001342788B823003D8011 /* FavoritesListViewModelTests.swift in Sources */,
				B10002122788B823003D8011 /* MovieDetailViewModelTests.swift in Sources */,
				B10002142788B823003D8011 /* NavigationRouterTests.swift in Sources */,
			);
			runOnlyForDeploymentPostprocessing = 0;
		};
		C77D454A2788B823003D8011 /* Sources */ = {
			isa = PBXSourcesBuildPhase;
			buildActionMask = 2147483647;
			files = (
				C77D45532788B823003D8011 /* URBNFlicksUITests.swift in Sources */,
				C77D45552788B823003D8011 /* URBNFlicksUITestsLaunchTests.swift in Sources */,
			);
			runOnlyForDeploymentPostprocessing = 0;
		};
/* End PBXSourcesBuildPhase section */

/* Begin PBXTargetDependency section */
		C77D45462788B823003D8011 /* PBXTargetDependency */ = {
			isa = PBXTargetDependency;
			target = C77D452D2788B821003D8011 /* URBNFlicks */;
			targetProxy = C77D45452788B823003D8011 /* PBXContainerItemProxy */;
		};
		C77D45502788B823003D8011 /* PBXTargetDependency */ = {
			isa = PBXTargetDependency;
			target = C77D452D2788B821003D8011 /* URBNFlicks */;
			targetProxy = C77D454F2788B823003D8011 /* PBXContainerItemProxy */;
		};
/* End PBXTargetDependency section */

/* Begin PBXVariantGroup section */
		C77D453C2788B822003D8011 /* LaunchScreen.storyboard */ = {
			isa = PBXVariantGroup;
			children = (
				C77D453D2788B822003D8011 /* Base */,
			);
			name = LaunchScreen.storyboard;
			sourceTree = "<group>";
		};
/* End PBXVariantGroup section */

/* Begin XCBuildConfiguration section */
		C77D45562788B823003D8011 /* Debug */ = {
			isa = XCBuildConfiguration;
			buildSettings = {
				ALWAYS_SEARCH_USER_PATHS = NO;
				CLANG_ANALYZER_NONNULL = YES;
				CLANG_ANALYZER_NUMBER_OBJECT_CONVERSION = YES_AGGRESSIVE;
				CLANG_CXX_LANGUAGE_STANDARD = "gnu++17";
				CLANG_CXX_LIBRARY = "libc++";
				CLANG_ENABLE_MODULES = YES;
				CLANG_ENABLE_OBJC_ARC = YES;
				CLANG_ENABLE_OBJC_WEAK = YES;
				CLANG_WARN_BLOCK_CAPTURE_AUTORELEASING = YES;
				CLANG_WARN_BOOL_CONVERSION = YES;
				CLANG_WARN_COMMA = YES;
				CLANG_WARN_CONSTANT_CONVERSION = YES;
				CLANG_WARN_DEPRECATED_OBJC_IMPLEMENTATIONS = YES;
				CLANG_WARN_DIRECT_OBJC_ISA_USAGE = YES_ERROR;
				CLANG_WARN_DOCUMENTATION_COMMENTS = YES;
				CLANG_WARN_EMPTY_BODY = YES;
				CLANG_WARN_ENUM_CONVERSION = YES;
				CLANG_WARN_INFINITE_RECURSION = YES;
				CLANG_WARN_INT_CONVERSION = YES;
				CLANG_WARN_NON_LITERAL_NULL_CONVERSION = YES;
				CLANG_WARN_OBJC_IMPLICIT_RETAIN_SELF = YES;
				CLANG_WARN_OBJC_LITERAL_CONVERSION = YES;
				CLANG_WARN_OBJC_ROOT_CLASS = YES_ERROR;
				CLANG_WARN_QUOTED_INCLUDE_IN_FRAMEWORK_HEADER = YES;
				CLANG_WARN_RANGE_LOOP_ANALYSIS = YES;
				CLANG_WARN_STRICT_PROTOTYPES = YES;
				CLANG_WARN_SUSPICIOUS_MOVE = YES;
				CLANG_WARN_UNGUARDED_AVAILABILITY = YES_AGGRESSIVE;
				CLANG_WARN_UNREACHABLE_CODE = YES;
				CLANG_WARN__DUPLICATE_METHOD_MATCH = YES;
				COPY_PHASE_STRIP = NO;
				DEBUG_INFORMATION_FORMAT = dwarf;
				ENABLE_STRICT_OBJC_MSGSEND = YES;
				ENABLE_TESTABILITY = YES;
				GCC_C_LANGUAGE_STANDARD = gnu11;
				GCC_DYNAMIC_NO_PIC = NO;
				GCC_NO_COMMON_BLOCKS = YES;
				GCC_OPTIMIZATION_LEVEL = 0;
				GCC_PREPROCESSOR_DEFINITIONS = (
					"DEBUG=1",
					"$(inherited)",
				);
				GCC_WARN_64_TO_32_BIT_CONVERSION = YES;
				GCC_WARN_ABOUT_RETURN_TYPE = YES_ERROR;
				GCC_WARN_UNDECLARED_SELECTOR = YES;
				GCC_WARN_UNINITIALIZED_AUTOS = YES_AGGRESSIVE;
				GCC_WARN_UNUSED_FUNCTION = YES;
				GCC_WARN_UNUSED_VARIABLE = YES;
				IPHONEOS_DEPLOYMENT_TARGET = 26.0;
				MTL_ENABLE_DEBUG_INFO = INCLUDE_SOURCE;
				MTL_FAST_MATH = YES;
				ONLY_ACTIVE_ARCH = YES;
				SDKROOT = iphoneos;
				SWIFT_ACTIVE_COMPILATION_CONDITIONS = DEBUG;
				SWIFT_OPTIMIZATION_LEVEL = "-Onone";
			};
			name = Debug;
		};
		C77D45572788B823003D8011 /* Release */ = {
			isa = XCBuildConfiguration;
			buildSettings = {
				ALWAYS_SEARCH_USER_PATHS = NO;
				CLANG_ANALYZER_NONNULL = YES;
				CLANG_ANALYZER_NUMBER_OBJECT_CONVERSION = YES_AGGRESSIVE;
				CLANG_CXX_LANGUAGE_STANDARD = "gnu++17";
				CLANG_CXX_LIBRARY = "libc++";
				CLANG_ENABLE_MODULES = YES;
				CLANG_ENABLE_OBJC_ARC = YES;
				CLANG_ENABLE_OBJC_WEAK = YES;
				CLANG_WARN_BLOCK_CAPTURE_AUTORELEASING = YES;
				CLANG_WARN_BOOL_CONVERSION = YES;
				CLANG_WARN_COMMA = YES;
				CLANG_WARN_CONSTANT_CONVERSION = YES;
				CLANG_WARN_DEPRECATED_OBJC_IMPLEMENTATIONS = YES;
				CLANG_WARN_DIRECT_OBJC_ISA_USAGE = YES_ERROR;
				CLANG_WARN_DOCUMENTATION_COMMENTS = YES;
				CLANG_WARN_EMPTY_BODY = YES;
				CLANG_WARN_ENUM_CONVERSION = YES;
				CLANG_WARN_INFINITE_RECURSION = YES;
				CLANG_WARN_INT_CONVERSION = YES;
				CLANG_WARN_NON_LITERAL_NULL_CONVERSION = YES;
				CLANG_WARN_OBJC_IMPLICIT_RETAIN_SELF = YES;
				CLANG_WARN_OBJC_LITERAL_CONVERSION = YES;
				CLANG_WARN_OBJC_ROOT_CLASS = YES_ERROR;
				CLANG_WARN_QUOTED_INCLUDE_IN_FRAMEWORK_HEADER = YES;
				CLANG_WARN_RANGE_LOOP_ANALYSIS = YES;
				CLANG_WARN_STRICT_PROTOTYPES = YES;
				CLANG_WARN_SUSPICIOUS_MOVE = YES;
				CLANG_WARN_UNGUARDED_AVAILABILITY = YES_AGGRESSIVE;
				CLANG_WARN_UNREACHABLE_CODE = YES;
				CLANG_WARN__DUPLICATE_METHOD_MATCH = YES;
				COPY_PHASE_STRIP = NO;
				DEBUG_INFORMATION_FORMAT = "dwarf-with-dsym";
				ENABLE_NS_ASSERTIONS = NO;
				ENABLE_STRICT_OBJC_MSGSEND = YES;
				GCC_C_LANGUAGE_STANDARD = gnu11;
				GCC_NO_COMMON_BLOCKS = YES;
				GCC_WARN_64_TO_32_BIT_CONVERSION = YES;
				GCC_WARN_ABOUT_RETURN_TYPE = YES_ERROR;
				GCC_WARN_UNDECLARED_SELECTOR = YES;
				GCC_WARN_UNINITIALIZED_AUTOS = YES_AGGRESSIVE;
				GCC_WARN_UNUSED_FUNCTION = YES;
				GCC_WARN_UNUSED_VARIABLE = YES;
				IPHONEOS_DEPLOYMENT_TARGET = 26.0;
				MTL_ENABLE_DEBUG_INFO = NO;
				MTL_FAST_MATH = YES;
				SDKROOT = iphoneos;
				SWIFT_COMPILATION_MODE = wholemodule;
				SWIFT_OPTIMIZATION_LEVEL = "-O";
				VALIDATE_PRODUCT = YES;
			};
			name = Release;
		};
		C77D45592788B823003D8011 /* Debug */ = {
			isa = XCBuildConfiguration;
			baseConfigurationReference = B10000012788B823003D8011 /* Config.xcconfig */;
			buildSettings = {
				ASSETCATALOG_COMPILER_APPICON_NAME = AppIcon;
				ASSETCATALOG_COMPILER_GLOBAL_ACCENT_COLOR_NAME = AccentColor;
				CODE_SIGN_STYLE = Automatic;
				CURRENT_PROJECT_VERSION = 1;
				GENERATE_INFOPLIST_FILE = YES;
				INFOPLIST_FILE = URBNFlicks/Info.plist;
				INFOPLIST_KEY_UIApplicationSupportsIndirectInputEvents = YES;
				INFOPLIST_KEY_UILaunchStoryboardName = LaunchScreen;
				INFOPLIST_KEY_UISupportedInterfaceOrientations = UIInterfaceOrientationPortrait;
				INFOPLIST_KEY_UISupportedInterfaceOrientations_iPad = "UIInterfaceOrientationPortrait UIInterfaceOrientationPortraitUpsideDown UIInterfaceOrientationLandscapeLeft UIInterfaceOrientationLandscapeRight";
				INFOPLIST_KEY_UISupportedInterfaceOrientations_iPhone = "UIInterfaceOrientationPortrait UIInterfaceOrientationLandscapeLeft UIInterfaceOrientationLandscapeRight";
				LD_RUNPATH_SEARCH_PATHS = (
					"$(inherited)",
					"@executable_path/Frameworks",
				);
				MARKETING_VERSION = 1.0;
				PRODUCT_BUNDLE_IDENTIFIER = com.urbn.com.URBNFlicks;
				PRODUCT_NAME = "$(TARGET_NAME)";
				SWIFT_EMIT_LOC_STRINGS = YES;
				SWIFT_VERSION = 6.0;
				TARGETED_DEVICE_FAMILY = "1,2";
			};
			name = Debug;
		};
		C77D455A2788B823003D8011 /* Release */ = {
			isa = XCBuildConfiguration;
			baseConfigurationReference = B10000012788B823003D8011 /* Config.xcconfig */;
			buildSettings = {
				ASSETCATALOG_COMPILER_APPICON_NAME = AppIcon;
				ASSETCATALOG_COMPILER_GLOBAL_ACCENT_COLOR_NAME = AccentColor;
				CODE_SIGN_STYLE = Automatic;
				CURRENT_PROJECT_VERSION = 1;
				GENERATE_INFOPLIST_FILE = YES;
				INFOPLIST_FILE = URBNFlicks/Info.plist;
				INFOPLIST_KEY_UIApplicationSupportsIndirectInputEvents = YES;
				INFOPLIST_KEY_UILaunchStoryboardName = LaunchScreen;
				INFOPLIST_KEY_UISupportedInterfaceOrientations = UIInterfaceOrientationPortrait;
				INFOPLIST_KEY_UISupportedInterfaceOrientations_iPad = "UIInterfaceOrientationPortrait UIInterfaceOrientationPortraitUpsideDown UIInterfaceOrientationLandscapeLeft UIInterfaceOrientationLandscapeRight";
				INFOPLIST_KEY_UISupportedInterfaceOrientations_iPhone = "UIInterfaceOrientationPortrait UIInterfaceOrientationLandscapeLeft UIInterfaceOrientationLandscapeRight";
				LD_RUNPATH_SEARCH_PATHS = (
					"$(inherited)",
					"@executable_path/Frameworks",
				);
				MARKETING_VERSION = 1.0;
				PRODUCT_BUNDLE_IDENTIFIER = com.urbn.com.URBNFlicks;
				PRODUCT_NAME = "$(TARGET_NAME)";
				SWIFT_EMIT_LOC_STRINGS = YES;
				SWIFT_VERSION = 6.0;
				TARGETED_DEVICE_FAMILY = "1,2";
			};
			name = Release;
		};
		C77D455C2788B823003D8011 /* Debug */ = {
			isa = XCBuildConfiguration;
			buildSettings = {
				ALWAYS_EMBED_SWIFT_STANDARD_LIBRARIES = YES;
				BUNDLE_LOADER = "$(TEST_HOST)";
				CODE_SIGN_STYLE = Automatic;
				CURRENT_PROJECT_VERSION = 1;
				GENERATE_INFOPLIST_FILE = YES;
				IPHONEOS_DEPLOYMENT_TARGET = 26.0;
				MARKETING_VERSION = 1.0;
				PRODUCT_BUNDLE_IDENTIFIER = com.urbn.com.URBNFlicksTests;
				PRODUCT_NAME = "$(TARGET_NAME)";
				SWIFT_EMIT_LOC_STRINGS = NO;
				SWIFT_VERSION = 6.0;
				TARGETED_DEVICE_FAMILY = "1,2";
				TEST_HOST = "$(BUILT_PRODUCTS_DIR)/URBNFlicks.app/URBNFlicks";
			};
			name = Debug;
		};
		C77D455D2788B823003D8011 /* Release */ = {
			isa = XCBuildConfiguration;
			buildSettings = {
				ALWAYS_EMBED_SWIFT_STANDARD_LIBRARIES = YES;
				BUNDLE_LOADER = "$(TEST_HOST)";
				CODE_SIGN_STYLE = Automatic;
				CURRENT_PROJECT_VERSION = 1;
				GENERATE_INFOPLIST_FILE = YES;
				IPHONEOS_DEPLOYMENT_TARGET = 26.0;
				MARKETING_VERSION = 1.0;
				PRODUCT_BUNDLE_IDENTIFIER = com.urbn.com.URBNFlicksTests;
				PRODUCT_NAME = "$(TARGET_NAME)";
				SWIFT_EMIT_LOC_STRINGS = NO;
				SWIFT_VERSION = 6.0;
				TARGETED_DEVICE_FAMILY = "1,2";
				TEST_HOST = "$(BUILT_PRODUCTS_DIR)/URBNFlicks.app/URBNFlicks";
			};
			name = Release;
		};
		C77D455F2788B823003D8011 /* Debug */ = {
			isa = XCBuildConfiguration;
			buildSettings = {
				ALWAYS_EMBED_SWIFT_STANDARD_LIBRARIES = YES;
				CODE_SIGN_STYLE = Automatic;
				CURRENT_PROJECT_VERSION = 1;
				GENERATE_INFOPLIST_FILE = YES;
				MARKETING_VERSION = 1.0;
				PRODUCT_BUNDLE_IDENTIFIER = com.urbn.com.URBNFlicksUITests;
				PRODUCT_NAME = "$(TARGET_NAME)";
				SWIFT_EMIT_LOC_STRINGS = NO;
				SWIFT_VERSION = 6.0;
				TARGETED_DEVICE_FAMILY = "1,2";
				TEST_TARGET_NAME = URBNFlicks;
			};
			name = Debug;
		};
		C77D45602788B823003D8011 /* Release */ = {
			isa = XCBuildConfiguration;
			buildSettings = {
				ALWAYS_EMBED_SWIFT_STANDARD_LIBRARIES = YES;
				CODE_SIGN_STYLE = Automatic;
				CURRENT_PROJECT_VERSION = 1;
				GENERATE_INFOPLIST_FILE = YES;
				MARKETING_VERSION = 1.0;
				PRODUCT_BUNDLE_IDENTIFIER = com.urbn.com.URBNFlicksUITests;
				PRODUCT_NAME = "$(TARGET_NAME)";
				SWIFT_EMIT_LOC_STRINGS = NO;
				SWIFT_VERSION = 6.0;
				TARGETED_DEVICE_FAMILY = "1,2";
				TEST_TARGET_NAME = URBNFlicks;
			};
			name = Release;
		};
/* End XCBuildConfiguration section */

/* Begin XCConfigurationList section */
		C77D45292788B821003D8011 /* Build configuration list for PBXProject "URBNFlicks" */ = {
			isa = XCConfigurationList;
			buildConfigurations = (
				C77D45562788B823003D8011 /* Debug */,
				C77D45572788B823003D8011 /* Release */,
			);
			defaultConfigurationIsVisible = 0;
			defaultConfigurationName = Release;
		};
		C77D45582788B823003D8011 /* Build configuration list for PBXNativeTarget "URBNFlicks" */ = {
			isa = XCConfigurationList;
			buildConfigurations = (
				C77D45592788B823003D8011 /* Debug */,
				C77D455A2788B823003D8011 /* Release */,
			);
			defaultConfigurationIsVisible = 0;
			defaultConfigurationName = Release;
		};
		C77D455B2788B823003D8011 /* Build configuration list for PBXNativeTarget "URBNFlicksTests" */ = {
			isa = XCConfigurationList;
			buildConfigurations = (
				C77D455C2788B823003D8011 /* Debug */,
				C77D455D2788B823003D8011 /* Release */,
			);
			defaultConfigurationIsVisible = 0;
			defaultConfigurationName = Release;
		};
		C77D455E2788B823003D8011 /* Build configuration list for PBXNativeTarget "URBNFlicksUITests" */ = {
			isa = XCConfigurationList;
			buildConfigurations = (
				C77D455F2788B823003D8011 /* Debug */,
				C77D45602788B823003D8011 /* Release */,
			);
			defaultConfigurationIsVisible = 0;
			defaultConfigurationName = Release;
		};
/* End XCConfigurationList section */
	};
	rootObject = C77D45262788B821003D8011 /* Project object */;
}
